
Microsoft Visual Studio Solution File, Format Version 12.00
# Visual Studio 2012
Project("{8BC9CEB8-8B4A-11D0-8D11-00A0C91BC942}") = "YoYo", "YoYo\YoYo.vcxproj", "{D67AAC02-F9A1-43B3-BFA4-622153DE80FB}"
EndProject
Global
	GlobalSection(SolutionConfigurationPlatforms) = preSolution
		Debug|Win32 = Debug|Win32
		Release|Win32 = Release|Win32
	EndGlobalSection
	GlobalSection(ProjectConfigurationPlatforms) = postSolution
		{D67AAC02-F9A1-43B3-BFA4-622153DE80FB}.Debug|Win32.ActiveCfg = Debug|Win32
		{D67AAC02-F9A1-43B3-BFA4-622153DE80FB}.Debug|Win32.Build.0 = Debug|Win32
		{D67AAC02-F9A1-43B3-BFA4-622153DE80FB}.Release|Win32.ActiveCfg = Release|Win32
		{D67AAC02-F9A1-43B3-BFA4-622153DE80FB}.Release|Win32.Build.0 = Release|Win32
	EndGlobalSection
	GlobalSection(SolutionProperties) = preSolution
		HideSolutionNode = FALSE
	EndGlobalSection
EndGlobal
